
Microsoft Visual Studio Solution File, Format Version 12.00
# Visual Studio Version 17
VisualStudioVersion = 17.10.35013.160
MinimumVisualStudioVersion = 10.0.40219.1
Project("{8BC9CEB8-8B4A-11D0-8D11-00A0C91BC942}") = "24.21", "24.21\24.21.vcxproj", "{C6BBC054-571F-4D02-A29A-BD9C44EDA024}"
EndProject
Project("{8BC9CEB8-8B4A-11D0-8D11-00A0C91BC942}") = "24.22", "24.22\24.22.vcxproj", "{CA3BAED2-FB47-4F4E-A517-5D266C9D8142}"
EndProject
Project("{8BC9CEB8-8B4A-11D0-8D11-00A0C91BC942}") = "7.21", "7.21\7.21.vcxproj", "{7544DD31-FFB7-49EE-BBBD-F6B560F69F5C}"
EndProject
Project("{8BC9CEB8-8B4A-11D0-8D11-00A0C91BC942}") = "22.5", "22.5\22.5.vcxproj", "{553559D0-F32B-4A71-9000-7DF4E8D8FEEC}"
EndProject
Project("{8BC9CEB8-8B4A-11D0-8D11-00A0C91BC942}") = "23.24", "23.24\23.24.vcxproj", "{8FCAE482-3607-461A-BDC0-AFE2F49DC03B}"
EndProject
Project("{8BC9CEB8-8B4A-11D0-8D11-00A0C91BC942}") = "22.4", "22.4\22.4.vcxproj", "{F2F59CB9-C306-4861-BA06-89E0BAC1E00E}"
EndProject
Project("{8BC9CEB8-8B4A-11D0-8D11-00A0C91BC942}") = "8.20", "8.20\8.20.vcxproj", "{B0A34496-6AEA-4201-B9AE-8FDCBC27467A}"
EndProject
Project("{8BC9CEB8-8B4A-11D0-8D11-00A0C91BC942}") = "13.5", "13.5\13.5.vcxproj", "{9862A83F-64D7-4E56-AF32-A7CDE0F275B9}"
EndProject
Project("{8BC9CEB8-8B4A-11D0-8D11-00A0C91BC942}") = "9.10", "9.10\9.10.vcxproj", "{82DF051E-9E16-47AB-ACAE-6DB1273C5A37}"
EndProject
Project("{8BC9CEB8-8B4A-11D0-8D11-00A0C91BC942}") = "9.11", "9.11\9.11.vcxproj", "{097A7EDB-239E-4555-A21B-84DD2A5EC33C}"
EndProject
Project("{8BC9CEB8-8B4A-11D0-8D11-00A0C91BC942}") = "13.4", "13.4\13.4.vcxproj", "{27F90DEE-794E-4961-82FE-3EE3FFA1A1B2}"
EndProject
Project("{8BC9CEB8-8B4A-11D0-8D11-00A0C91BC942}") = "13.8", "13.8\13.8.vcxproj", "{DDA7318E-63D9-4FFE-9355-3B5B993E443E}"
EndProject
Project("{8BC9CEB8-8B4A-11D0-8D11-00A0C91BC942}") = "12.5", "12.5\12.5.vcxproj", "{B11E4AA1-5183-4D57-99DB-49617843EBAE}"
EndProject
Project("{8BC9CEB8-8B4A-11D0-8D11-00A0C91BC942}") = "12.9", "12.9\12.9.vcxproj", "{157B1C0F-5E1E-4926-8314-ACCF447E946B}"
EndProject
Global
	GlobalSection(SolutionConfigurationPlatforms) = preSolution
		Debug|x64 = Debug|x64
		Debug|x86 = Debug|x86
		Release|x64 = Release|x64
		Release|x86 = Release|x86
	EndGlobalSection
	GlobalSection(ProjectConfigurationPlatforms) = postSolution
		{C6BBC054-571F-4D02-A29A-BD9C44EDA024}.Debug|x64.ActiveCfg = Debug|x64
		{C6BBC054-571F-4D02-A29A-BD9C44EDA024}.Debug|x64.Build.0 = Debug|x64
		{C6BBC054-571F-4D02-A29A-BD9C44EDA024}.Debug|x86.ActiveCfg = Debug|Win32
		{C6BBC054-571F-4D02-A29A-BD9C44EDA024}.Debug|x86.Build.0 = Debug|Win32
		{C6BBC054-571F-4D02-A29A-BD9C44EDA024}.Release|x64.ActiveCfg = Release|x64
		{C6BBC054-571F-4D02-A29A-BD9C44EDA024}.Release|x64.Build.0 = Release|x64
		{C6BBC054-571F-4D02-A29A-BD9C44EDA024}.Release|x86.ActiveCfg = Release|Win32
		{C6BBC054-571F-4D02-A29A-BD9C44EDA024}.Release|x86.Build.0 = Release|Win32
		{CA3BAED2-FB47-4F4E-A517-5D266C9D8142}.Debug|x64.ActiveCfg = Debug|x64
		{CA3BAED2-FB47-4F4E-A517-5D266C9D8142}.Debug|x64.Build.0 = Debug|x64
		{CA3BAED2-FB47-4F4E-A517-5D266C9D8142}.Debug|x86.ActiveCfg = Debug|Win32
		{CA3BAED2-FB47-4F4E-A517-5D266C9D8142}.Debug|x86.Build.0 = Debug|Win32
		{CA3BAED2-FB47-4F4E-A517-5D266C9D8142}.Release|x64.ActiveCfg = Release|x64
		{CA3BAED2-FB47-4F4E-A517-5D266C9D8142}.Release|x64.Build.0 = Release|x64
		{CA3BAED2-FB47-4F4E-A517-5D266C9D8142}.Release|x86.ActiveCfg = Release|Win32
		{CA3BAED2-FB47-4F4E-A517-5D266C9D8142}.Release|x86.Build.0 = Release|Win32
		{7544DD31-FFB7-49EE-BBBD-F6B560F69F5C}.Debug|x64.ActiveCfg = Debug|x64
		{7544DD31-FFB7-49EE-BBBD-F6B560F69F5C}.Debug|x64.Build.0 = Debug|x64
		{7544DD31-FFB7-49EE-BBBD-F6B560F69F5C}.Debug|x86.ActiveCfg = Debug|Win32
		{7544DD31-FFB7-49EE-BBBD-F6B560F69F5C}.Debug|x86.Build.0 = Debug|Win32
		{7544DD31-FFB7-49EE-BBBD-F6B560F69F5C}.Release|x64.ActiveCfg = Release|x64
		{7544DD31-FFB7-49EE-BBBD-F6B560F69F5C}.Release|x64.Build.0 = Release|x64
		{7544DD31-FFB7-49EE-BBBD-F6B560F69F5C}.Release|x86.ActiveCfg = Release|Win32
		{7544DD31-FFB7-49EE-BBBD-F6B560F69F5C}.Release|x86.Build.0 = Release|Win32
		{553559D0-F32B-4A71-9000-7DF4E8D8FEEC}.Debug|x64.ActiveCfg = Debug|x64
		{553559D0-F32B-4A71-9000-7DF4E8D8FEEC}.Debug|x64.Build.0 = Debug|x64
		{553559D0-F32B-4A71-9000-7DF4E8D8FEEC}.Debug|x86.ActiveCfg = Debug|Win32
		{553559D0-F32B-4A71-9000-7DF4E8D8FEEC}.Debug|x86.Build.0 = Debug|Win32
		{553559D0-F32B-4A71-9000-7DF4E8D8FEEC}.Release|x64.ActiveCfg = Release|x64
		{553559D0-F32B-4A71-9000-7DF4E8D8FEEC}.Release|x64.Build.0 = Release|x64
		{553559D0-F32B-4A71-9000-7DF4E8D8FEEC}.Release|x86.ActiveCfg = Release|Win32
		{553559D0-F32B-4A71-9000-7DF4E8D8FEEC}.Release|x86.Build.0 = Release|Win32
		{8FCAE482-3607-461A-BDC0-AFE2F49DC03B}.Debug|x64.ActiveCfg = Debug|x64
		{8FCAE482-3607-461A-BDC0-AFE2F49DC03B}.Debug|x64.Build.0 = Debug|x64
		{8FCAE482-3607-461A-BDC0-AFE2F49DC03B}.Debug|x86.ActiveCfg = Debug|Win32
		{8FCAE482-3607-461A-BDC0-AFE2F49DC03B}.Debug|x86.Build.0 = Debug|Win32
		{8FCAE482-3607-461A-BDC0-AFE2F49DC03B}.Release|x64.ActiveCfg = Release|x64
		{8FCAE482-3607-461A-BDC0-AFE2F49DC03B}.Release|x64.Build.0 = Release|x64
		{8FCAE482-3607-461A-BDC0-AFE2F49DC03B}.Release|x86.ActiveCfg = Release|Win32
		{8FCAE482-3607-461A-BDC0-AFE2F49DC03B}.Release|x86.Build.0 = Release|Win32
		{F2F59CB9-C306-4861-BA06-89E0BAC1E00E}.Debug|x64.ActiveCfg = Debug|x64
		{F2F59CB9-C306-4861-BA06-89E0BAC1E00E}.Debug|x64.Build.0 = Debug|x64
		{F2F59CB9-C306-4861-BA06-89E0BAC1E00E}.Debug|x86.ActiveCfg = Debug|Win32
		{F2F59CB9-C306-4861-BA06-89E0BAC1E00E}.Debug|x86.Build.0 = Debug|Win32
		{F2F59CB9-C306-4861-BA06-89E0BAC1E00E}.Release|x64.ActiveCfg = Release|x64
		{F2F59CB9-C306-4861-BA06-89E0BAC1E00E}.Release|x64.Build.0 = Release|x64
		{F2F59CB9-C306-4861-BA06-89E0BAC1E00E}.Release|x86.ActiveCfg = Release|Win32
		{F2F59CB9-C306-4861-BA06-89E0BAC1E00E}.Release|x86.Build.0 = Release|Win32
		{B0A34496-6AEA-4201-B9AE-8FDCBC27467A}.Debug|x64.ActiveCfg = Debug|x64
		{B0A34496-6AEA-4201-B9AE-8FDCBC27467A}.Debug|x64.Build.0 = Debug|x64
		{B0A34496-6AEA-4201-B9AE-8FDCBC27467A}.Debug|x86.ActiveCfg = Debug|Win32
		{B0A34496-6AEA-4201-B9AE-8FDCBC27467A}.Debug|x86.Build.0 = Debug|Win32
		{B0A34496-6AEA-4201-B9AE-8FDCBC27467A}.Release|x64.ActiveCfg = Release|x64
		{B0A34496-6AEA-4201-B9AE-8FDCBC27467A}.Release|x64.Build.0 = Release|x64
		{B0A34496-6AEA-4201-B9AE-8FDCBC27467A}.Release|x86.ActiveCfg = Release|Win32
		{B0A34496-6AEA-4201-B9AE-8FDCBC27467A}.Release|x86.Build.0 = Release|Win32
		{9862A83F-64D7-4E56-AF32-A7CDE0F275B9}.Debug|x64.ActiveCfg = Debug|x64
		{9862A83F-64D7-4E56-AF32-A7CDE0F275B9}.Debug|x64.Build.0 = Debug|x64
		{9862A83F-64D7-4E56-AF32-A7CDE0F275B9}.Debug|x86.ActiveCfg = Debug|Win32
		{9862A83F-64D7-4E56-AF32-A7CDE0F275B9}.Debug|x86.Build.0 = Debug|Win32
		{9862A83F-64D7-4E56-AF32-A7CDE0F275B9}.Release|x64.ActiveCfg = Release|x64
		{9862A83F-64D7-4E56-AF32-A7CDE0F275B9}.Release|x64.Build.0 = Release|x64
		{9862A83F-64D7-4E56-AF32-A7CDE0F275B9}.Release|x86.ActiveCfg = Release|Win32
		{9862A83F-64D7-4E56-AF32-A7CDE0F275B9}.Release|x86.Build.0 = Release|Win32
		{82DF051E-9E16-47AB-ACAE-6DB1273C5A37}.Debug|x64.ActiveCfg = Debug|x64
		{82DF051E-9E16-47AB-ACAE-6DB1273C5A37}.Debug|x64.Build.0 = Debug|x64
		{82DF051E-9E16-47AB-ACAE-6DB1273C5A37}.Debug|x86.ActiveCfg = Debug|Win32
		{82DF051E-9E16-47AB-ACAE-6DB1273C5A37}.Debug|x86.Build.0 = Debug|Win32
		{82DF051E-9E16-47AB-ACAE-6DB1273C5A37}.Release|x64.ActiveCfg = Release|x64
		{82DF051E-9E16-47AB-ACAE-6DB1273C5A37}.Release|x64.Build.0 = Release|x64
		{82DF051E-9E16-47AB-ACAE-6DB1273C5A37}.Release|x86.ActiveCfg = Release|Win32
		{82DF051E-9E16-47AB-ACAE-6DB1273C5A37}.Release|x86.Build.0 = Release|Win32
		{097A7EDB-239E-4555-A21B-84DD2A5EC33C}.Debug|x64.ActiveCfg = Debug|x64
		{097A7EDB-239E-4555-A21B-84DD2A5EC33C}.Debug|x64.Build.0 = Debug|x64
		{097A7EDB-239E-4555-A21B-84DD2A5EC33C}.Debug|x86.ActiveCfg = Debug|Win32
		{097A7EDB-239E-4555-A21B-84DD2A5EC33C}.Debug|x86.Build.0 = Debug|Win32
		{097A7EDB-239E-4555-A21B-84DD2A5EC33C}.Release|x64.ActiveCfg = Release|x64
		{097A7EDB-239E-4555-A21B-84DD2A5EC33C}.Release|x64.Build.0 = Release|x64
		{097A7EDB-239E-4555-A21B-84DD2A5EC33C}.Release|x86.ActiveCfg = Release|Win32
		{097A7EDB-239E-4555-A21B-84DD2A5EC33C}.Release|x86.Build.0 = Release|Win32
		{27F90DEE-794E-4961-82FE-3EE3FFA1A1B2}.Debug|x64.ActiveCfg = Debug|x64
		{27F90DEE-794E-4961-82FE-3EE3FFA1A1B2}.Debug|x64.Build.0 = Debug|x64
		{27F90DEE-794E-4961-82FE-3EE3FFA1A1B2}.Debug|x86.ActiveCfg = Debug|Win32
		{27F90DEE-794E-4961-82FE-3EE3FFA1A1B2}.Debug|x86.Build.0 = Debug|Win32
		{27F90DEE-794E-4961-82FE-3EE3FFA1A1B2}.Release|x64.ActiveCfg = Release|x64
		{27F90DEE-794E-4961-82FE-3EE3FFA1A1B2}.Release|x64.Build.0 = Release|x64
		{27F90DEE-794E-4961-82FE-3EE3FFA1A1B2}.Release|x86.ActiveCfg = Release|Win32
		{27F90DEE-794E-4961-82FE-3EE3FFA1A1B2}.Release|x86.Build.0 = Release|Win32
		{DDA7318E-63D9-4FFE-9355-3B5B993E443E}.Debug|x64.ActiveCfg = Debug|x64
		{DDA7318E-63D9-4FFE-9355-3B5B993E443E}.Debug|x64.Build.0 = Debug|x64
		{DDA7318E-63D9-4FFE-9355-3B5B993E443E}.Debug|x86.ActiveCfg = Debug|Win32
		{DDA7318E-63D9-4FFE-9355-3B5B993E443E}.Debug|x86.Build.0 = Debug|Win32
		{DDA7318E-63D9-4FFE-9355-3B5B993E443E}.Release|x64.ActiveCfg = Release|x64
		{DDA7318E-63D9-4FFE-9355-3B5B993E443E}.Release|x64.Build.0 = Release|x64
		{DDA7318E-63D9-4FFE-9355-3B5B993E443E}.Release|x86.ActiveCfg = Release|Win32
		{DDA7318E-63D9-4FFE-9355-3B5B993E443E}.Release|x86.Build.0 = Release|Win32
		{B11E4AA1-5183-4D57-99DB-49617843EBAE}.Debug|x64.ActiveCfg = Debug|x64
		{B11E4AA1-5183-4D57-99DB-49617843EBAE}.Debug|x64.Build.0 = Debug|x64
		{B11E4AA1-5183-4D57-99DB-49617843EBAE}.Debug|x86.ActiveCfg = Debug|Win32
		{B11E4AA1-5183-4D57-99DB-49617843EBAE}.Debug|x86.Build.0 = Debug|Win32
		{B11E4AA1-5183-4D57-99DB-49617843EBAE}.Release|x64.ActiveCfg = Release|x64
		{B11E4AA1-5183-4D57-99DB-49617843EBAE}.Release|x64.Build.0 = Release|x64
		{B11E4AA1-5183-4D57-99DB-49617843EBAE}.Release|x86.ActiveCfg = Release|Win32
		{B11E4AA1-5183-4D57-99DB-49617843EBAE}.Release|x86.Build.0 = Release|Win32
		{157B1C0F-5E1E-4926-8314-ACCF447E946B}.Debug|x64.ActiveCfg = Debug|x64
		{157B1C0F-5E1E-4926-8314-ACCF447E946B}.Debug|x64.Build.0 = Debug|x64
		{157B1C0F-5E1E-4926-8314-ACCF447E946B}.Debug|x86.ActiveCfg = Debug|Win32
		{157B1C0F-5E1E-4926-8314-ACCF447E946B}.Debug|x86.Build.0 = Debug|Win32
		{157B1C0F-5E1E-4926-8314-ACCF447E946B}.Release|x64.ActiveCfg = Release|x64
		{157B1C0F-5E1E-4926-8314-ACCF447E946B}.Release|x64.Build.0 = Release|x64
		{157B1C0F-5E1E-4926-8314-ACCF447E946B}.Release|x86.ActiveCfg = Release|Win32
		{157B1C0F-5E1E-4926-8314-ACCF447E946B}.Release|x86.Build.0 = Release|Win32
	EndGlobalSection
	GlobalSection(SolutionProperties) = preSolution
		HideSolutionNode = FALSE
	EndGlobalSection
	GlobalSection(ExtensibilityGlobals) = postSolution
		SolutionGuid = {E504C7ED-4ADA-4A3A-9270-9F62B3A255C1}
	EndGlobalSection
EndGlobal
